
Microsoft Visual Studio Solution File, Format Version 12.00
# Visual Studio Version 17
VisualStudioVersion = 17.1.32210.238
MinimumVisualStudioVersion = 10.0.40219.1
Project("{FAE04EC0-301F-11D3-BF4B-00C04F79EFBC}") = "DatabaseExample", "DatabaseExample\DatabaseExample.csproj", "{62A72535-955A-4C4E-8769-30D990251019}"
EndProject
Global
	GlobalSection(SolutionConfigurationPlatforms) = preSolution
		Debug|Any CPU = Debug|Any CPU
		Release|Any CPU = Release|Any CPU
	EndGlobalSection
	GlobalSection(ProjectConfigurationPlatforms) = postSolution
		{62A72535-955A-4C4E-8769-30D990251019}.Debug|Any CPU.ActiveCfg = Debug|Any CPU
		{62A72535-955A-4C4E-8769-30D990251019}.Debug|Any CPU.Build.0 = Debug|Any CPU
		{62A72535-955A-4C4E-8769-30D990251019}.Release|Any CPU.ActiveCfg = Release|Any CPU
		{62A72535-955A-4C4E-8769-30D990251019}.Release|Any CPU.Build.0 = Release|Any CPU
	EndGlobalSection
	GlobalSection(SolutionProperties) = preSolution
		HideSolutionNode = FALSE
	EndGlobalSection
	GlobalSection(ExtensibilityGlobals) = postSolution
		SolutionGuid = {9E2C4B25-7E07-460D-A3B8-32C039C62F46}
	EndGlobalSection
EndGlobal
